// !$*UTF8*$!
{
	archiveVersion = 1;
	classes = {
	};
	objectVersion = 46;
	objects = {

/* Begin PBXBuildFile section */
		1885B72F1E768646001BDABF /* main.m in Sources */ = {isa = PBXBuildFile; fileRef = 1885B72E1E768646001BDABF /* main.m */; };
		1885B7321E768646001BDABF /* AppDelegate.m in Sources */ = {isa = PBXBuildFile; fileRef = 1885B7311E768646001BDABF /* AppDelegate.m */; };
		1885B7351E768646001BDABF /* ViewController.m in Sources */ = {isa = PBXBuildFile; fileRef = 1885B7341E768646001BDABF /* ViewController.m */; };
		1885B7381E768646001BDABF /* Main.storyboard in Resources */ = {isa = PBXBuildFile; fileRef = 1885B7361E768646001BDABF /* Main.storyboard */; };
		1885B73A1E768646001BDABF /* Assets.xcassets in Resources */ = {isa = PBXBuildFile; fileRef = 1885B7391E768646001BDABF /* Assets.xcassets */; };
		1885B73D1E768646001BDABF /* LaunchScreen.storyboard in Resources */ = {isa = PBXBuildFile; fileRef = 1885B73B1E768646001BDABF /* LaunchScreen.storyboard */; };
/* End PBXBuildFile section */

/* Begin PBXFileReference section */
		1885B72A1E768646001BDABF /* EnlargeDemo.app */ = {isa = PBXFileReference; explicitFileType = wrapper.application; includeInIndex = 0; path = EnlargeDemo.app; sourceTree = BUILT_PRODUCTS_DIR; };
		1885B72E1E768646001BDABF /* main.m */ = {isa = PBXFileReference; lastKnownFileType = sourcecode.c.objc; path = main.m; sourceTree = "<group>"; };
		1885B7301E768646001BDABF /* AppDelegate.h */ = {isa = PBXFileReference; lastKnownFileType = sourcecode.c.h; path = AppDelegate.h; sourceTree = "<group>"; };
		1885B7311E768646001BDABF /* AppDelegate.m */ = {isa = PBXFileReference; lastKnownFileType = sourcecode.c.objc; path = AppDelegate.m; sourceTree = "<group>"; };
		1885B7331E768646001BDABF /* ViewController.h */ = {isa = PBXFileReference; lastKnownFileType = sourcecode.c.h; path = ViewController.h; sourceTree = "<group>"; };
		1885B7341E768646001BDABF /* ViewController.m */ = {isa = PBXFileReference; lastKnownFileType = sourcecode.c.objc; path = ViewController.m; sourceTree = "<group>"; };
		1885B7371E768646001BDABF /* Base */ = {isa = PBXFileReference; lastKnownFileType = file.storyboard; name = Base; path = Base.lproj/Main.storyboard; sourceTree = "<group>"; };
		1885B7391E768646001BDABF /* Assets.xcassets */ = {isa = PBXFileReference; lastKnownFileType = folder.assetcatalog; path = Assets.xcassets; sourceTree = "<group>"; };
		1885B73C1E768646001BDABF /* Base */ = {isa = PBXFileReference; lastKnownFileType = file.storyboard; name = Base; path = Base.lproj/LaunchScreen.storyboard; sourceTree = "<group>"; };
		1885B73E1E768646001BDABF /* Info.plist */ = {isa = PBXFileReference; lastKnownFileType = text.plist.xml; path = Info.plist; sourceTree = "<group>"; };
/* End PBXFileReference section */

/* Begin PBXFrameworksBuildPhase section */
		1885B7271E768646001BDABF /* Frameworks */ = {
			isa = PBXFrameworksBuildPhase;
			buildActionMask = 2147483647;
			files = (
			);
			runOnlyForDeploymentPostprocessing = 0;
		};
/* End PBXFrameworksBuildPhase section */

/* Begin PBXGroup section */
		1885B7211E768646001BDABF = {
			isa = PBXGroup;
			children = (
				1885B72C1E768646001BDABF /* EnlargeDemo */,
				1885B72B1E768646001BDABF /* Products */,
			);
			sourceTree = "<group>";
		};
		1885B72B1E768646001BDABF /* Products */ = {
			isa = PBXGroup;
			children = (
				1885B72A1E768646001BDABF /* EnlargeDemo.app */,
			);
			name = Products;
			sourceTree = "<group>";
		};
		1885B72C1E768646001BDABF /* EnlargeDemo */ = {
			isa = PBXGroup;
			children = (
				1885B7301E768646001BDABF /* AppDelegate.h */,
				1885B7311E768646001BDABF /* AppDelegate.m */,
				1885B7331E768646001BDABF /* ViewController.h */,
				1885B7341E768646001BDABF /* ViewController.m */,
				1885B7361E768646001BDABF /* Main.storyboard */,
				1885B7391E768646001BDABF /* Assets.xcassets */,
				1885B73B1E768646001BDABF /* LaunchScreen.storyboard */,
				1885B73E1E768646001BDABF /* Info.plist */,
				1885B72D1E768646001BDABF /* Supporting Files */,
			);
			path = EnlargeDemo;
			sourceTree = "<group>";
		};
		1885B72D1E768646001BDABF /* Supporting Files */ = {
			isa = PBXGroup;
			children = (
				1885B72E1E768646001BDABF /* main.m */,
			);
			name = "Supporting Files";
			sourceTree = "<group>";
		};
/* End PBXGroup section */

/* Begin PBXNativeTarget section */
		1885B7291E768646001BDABF /* EnlargeDemo */ = {
			isa = PBXNativeTarget;
			buildConfigurationList = 1885B7411E768646001BDABF /* Build configuration list for PBXNativeTarget "EnlargeDemo" */;
			buildPhases = (
				1885B7261E768646001BDABF /* Sources */,
				1885B7271E768646001BDABF /* Frameworks */,
				1885B7281E768646001BDABF /* Resources */,
			);
			buildRules = (
			);
			dependencies = (
			);
			name = EnlargeDemo;
			productName = EnlargeDemo;
			productReference = 1885B72A1E768646001BDABF /* EnlargeDemo.app */;
			productType = "com.apple.product-type.application";
		};
/* End PBXNativeTarget section */

/* Begin PBXProject section */
		1885B7221E768646001BDABF /* Project object */ = {
			isa = PBXProject;
			attributes = {
				LastUpgradeCheck = 0820;
				ORGANIZATIONNAME = admin;
				TargetAttributes = {
					1885B7291E768646001BDABF = {
						CreatedOnToolsVersion = 8.2.1;
						DevelopmentTeam = G585J4946N;
						ProvisioningStyle = Automatic;
					};
				};
			};
			buildConfigurationList = 1885B7251E768646001BDABF /* Build configuration list for PBXProject "EnlargeDemo" */;
			compatibilityVersion = "Xcode 3.2";
			developmentRegion = English;
			hasScannedForEncodings = 0;
			knownRegions = (
				en,
				Base,
			);
			mainGroup = 1885B7211E768646001BDABF;
			productRefGroup = 1885B72B1E768646001BDABF /* Products */;
			projectDirPath = "";
			projectRoot = "";
			targets = (
				1885B7291E768646001BDABF /* EnlargeDemo */,
			);
		};
/* End PBXProject section */

/* Begin PBXResourcesBuildPhase section */
		1885B7281E768646001BDABF /* Resources */ = {
			isa = PBXResourcesBuildPhase;
			buildActionMask = 2147483647;
			files = (
				1885B73D1E768646001BDABF /* LaunchScreen.storyboard in Resources */,
				1885B73A1E768646001BDABF /* Assets.xcassets in Resources */,
				1885B7381E768646001BDABF /* Main.storyboard in Resources */,
			);
			runOnlyForDeploymentPostprocessing = 0;
		};
/* End PBXResourcesBuildPhase section */

/* Begin PBXSourcesBuildPhase section */
		1885B7261E768646001BDABF /* Sources */ = {
			isa = PBXSourcesBuildPhase;
			buildActionMask = 2147483647;
			files = (
				1885B7351E768646001BDABF /* ViewController.m in Sources */,
				1885B7321E768646001BDABF /* AppDelegate.m in Sources */,
				1885B72F1E768646001BDABF /* main.m in Sources */,
			);
			runOnlyForDeploymentPostprocessing = 0;
		};
/* End PBXSourcesBuildPhase section */

/* Begin PBXVariantGroup section */
		1885B7361E768646001BDABF /* Main.storyboard */ = {
			isa = PBXVariantGroup;
			children = (
				1885B7371E768646001BDABF /* Base */,
			);
			name = Main.storyboard;
			sourceTree = "<group>";
		};
		1885B73B1E768646001BDABF /* LaunchScreen.storyboard */ = {
			isa = PBXVariantGroup;
			children = (
				1885B73C1E768646001BDABF /* Base */,
			);
			name = LaunchScreen.storyboard;
			sourceTree = "<group>";
		};
/* End PBXVariantGroup section */

/* Begin XCBuildConfiguration section */
		1885B73F1E768646001BDABF /* Debug */ = {
			isa = XCBuildConfiguration;
			buildSettings = {
				ALWAYS_SEARCH_USER_PATHS = NO;
				CLANG_ANALYZER_NONNULL = YES;
				CLANG_CXX_LANGUAGE_STANDARD = "gnu++0x";
				CLANG_CXX_LIBRARY = "libc++";
				CLANG_ENABLE_MODULES = YES;
				CLANG_ENABLE_OBJC_ARC = YES;
				CLANG_WARN_BOOL_CONVERSION = YES;
				CLANG_WARN_CONSTANT_CONVERSION = YES;
				CLANG_WARN_DIRECT_OBJC_ISA_USAGE = YES_ERROR;
				CLANG_WARN_DOCUMENTATION_COMMENTS = YES;
				CLANG_WARN_EMPTY_BODY = YES;
				CLANG_WARN_ENUM_CONVERSION = YES;
				CLANG_WARN_INFINITE_RECURSION = YES;
				CLANG_WARN_INT_CONVERSION = YES;
				CLANG_WARN_OBJC_ROOT_CLASS = YES_ERROR;
				CLANG_WARN_SUSPICIOUS_MOVE = YES;
				CLANG_WARN_UNREACHABLE_CODE = YES;
				CLANG_WARN__DUPLICATE_METHOD_MATCH = YES;
				"CODE_SIGN_IDENTITY[sdk=iphoneos*]" = "iPhone Developer";
				COPY_PHASE_STRIP = NO;
				DEBUG_INFORMATION_FORMAT = dwarf;
				ENABLE_STRICT_OBJC_MSGSEND = YES;
				ENABLE_TESTABILITY = YES;
				GCC_C_LANGUAGE_STANDARD = gnu99;
				GCC_DYNAMIC_NO_PIC = NO;
				GCC_NO_COMMON_BLOCKS = YES;
				GCC_OPTIMIZATION_LEVEL = 0;
				GCC_PREPROCESSOR_DEFINITIONS = (
					"DEBUG=1",
					"$(inherited)",
				);
				GCC_WARN_64_TO_32_BIT_CONVERSION = YES;
				GCC_WARN_ABOUT_RETURN_TYPE = YES_ERROR;
				GCC_WARN_UNDECLARED_SELECTOR = YES;
				GCC_WARN_UNINITIALIZED_AUTOS = YES_AGGRESSIVE;
				GCC_WARN_UNUSED_FUNCTION = YES;
				GCC_WARN_UNUSED_VARIABLE = YES;
				IPHONEOS_DEPLOYMENT_TARGET = 10.2;
				MTL_ENABLE_DEBUG_INFO = YES;
				ONLY_ACTIVE_ARCH = YES;
				SDKROOT = iphoneos;
			};
			name = Debug;
		};
		1885B7401E768646001BDABF /* Release */ = {
			isa = XCBuildConfiguration;
			buildSettings = {
				ALWAYS_SEARCH_USER_PATHS = NO;
				CLANG_ANALYZER_NONNULL = YES;
				CLANG_CXX_LANGUAGE_STANDARD = "gnu++0x";
				CLANG_CXX_LIBRARY = "libc++";
				CLANG_ENABLE_MODULES = YES;
				CLANG_ENABLE_OBJC_ARC = YES;
				CLANG_WARN_BOOL_CONVERSION = YES;
				CLANG_WARN_CONSTANT_CONVERSION = YES;
				CLANG_WARN_DIRECT_OBJC_ISA_USAGE = YES_ERROR;
				CLANG_WARN_DOCUMENTATION_COMMENTS = YES;
				CLANG_WARN_EMPTY_BODY = YES;
				CLANG_WARN_ENUM_CONVERSION = YES;
				CLANG_WARN_INFINITE_RECURSION = YES;
				CLANG_WARN_INT_CONVERSION = YES;
				CLANG_WARN_OBJC_ROOT_CLASS = YES_ERROR;
				CLANG_WARN_SUSPICIOUS_MOVE = YES;
				CLANG_WARN_UNREACHABLE_CODE = YES;
				CLANG_WARN__DUPLICATE_METHOD_MATCH = YES;
				"CODE_SIGN_IDENTITY[sdk=iphoneos*]" = "iPhone Developer";
				COPY_PHASE_STRIP = NO;
				DEBUG_INFORMATION_FORMAT = "dwarf-with-dsym";
				ENABLE_NS_ASSERTIONS = NO;
				ENABLE_STRICT_OBJC_MSGSEND = YES;
				GCC_C_LANGUAGE_STANDARD = gnu99;
				GCC_NO_COMMON_BLOCKS = YES;
				GCC_WARN_64_TO_32_BIT_CONVERSION = YES;
				GCC_WARN_ABOUT_RETURN_TYPE = YES_ERROR;
				GCC_WARN_UNDECLARED_SELECTOR = YES;
				GCC_WARN_UNINITIALIZED_AUTOS = YES_AGGRESSIVE;
				GCC_WARN_UNUSED_FUNCTION = YES;
				GCC_WARN_UNUSED_VARIABLE = YES;
				IPHONEOS_DEPLOYMENT_TARGET = 10.2;
				MTL_ENABLE_DEBUG_INFO = NO;
				SDKROOT = iphoneos;
				VALIDATE_PRODUCT = YES;
			};
			name = Release;
		};
		1885B7421E768646001BDABF /* Debug */ = {
			isa = XCBuildConfiguration;
			buildSettings = {
				ASSETCATALOG_COMPILER_APPICON_NAME = AppIcon;
				DEVELOPMENT_TEAM = G585J4946N;
				INFOPLIST_FILE = EnlargeDemo/Info.plist;
				IPHONEOS_DEPLOYMENT_TARGET = 8.0;
				LD_RUNPATH_SEARCH_PATHS = "$(inherited) @executable_path/Frameworks";
				PRODUCT_BUNDLE_IDENTIFIER = admin.EnlargeDemo;
				PRODUCT_NAME = "$(TARGET_NAME)";
			};
			name = Debug;
		};
		1885B7431E768646001BDABF /* Release */ = {
			isa = XCBuildConfiguration;
			buildSettings = {
				ASSETCATALOG_COMPILER_APPICON_NAME = AppIcon;
				DEVELOPMENT_TEAM = G585J4946N;
				INFOPLIST_FILE = EnlargeDemo/Info.plist;
				IPHONEOS_DEPLOYMENT_TARGET = 8.0;
				LD_RUNPATH_SEARCH_PATHS = "$(inherited) @executable_path/Frameworks";
				PRODUCT_BUNDLE_IDENTIFIER = admin.EnlargeDemo;
				PRODUCT_NAME = "$(TARGET_NAME)";
			};
			name = Release;
		};
/* End XCBuildConfiguration section */

/* Begin XCConfigurationList section */
		1885B7251E768646001BDABF /* Build configuration list for PBXProject "EnlargeDemo" */ = {
			isa = XCConfigurationList;
			buildConfigurations = (
				1885B73F1E768646001BDABF /* Debug */,
				1885B7401E768646001BDABF /* Release */,
			);
			defaultConfigurationIsVisible = 0;
			defaultConfigurationName = Release;
		};
		1885B7411E768646001BDABF /* Build configuration list for PBXNativeTarget "EnlargeDemo" */ = {
			isa = XCConfigurationList;
			buildConfigurations = (
				1885B7421E768646001BDABF /* Debug */,
				1885B7431E768646001BDABF /* Release */,
			);
			defaultConfigurationIsVisible = 0;
		};
/* End XCConfigurationList section */
	};
	rootObject = 1885B7221E768646001BDABF /* Project object */;
}
